# THIS IS AN AUTOGENERATED FILE. DO NOT EDIT THIS FILE DIRECTLY.
# yarn lockfile v1


ansi-escapes@^3.0.0:
  version "3.0.0"
  resolved "https://registry.npmjs.org/ansi-escapes/-/ansi-escapes-3.0.0.tgz#ec3e8b4e9f8064fc02c3ac9b65f1c275bda8ef92"
  integrity sha512-O/klc27mWNUigtv0F8NJWbLF00OcegQalkqKURWdosW08YZKi4m6CnSUSvIZG1otNJbTWhN01Hhz389DW7mvDQ==

ansi-regex@^2.0.0:
  version "2.1.1"
  resolved "https://registry.npmjs.org/ansi-regex/-/ansi-regex-2.1.1.tgz#c3b33ab5ee360d86e0e628f0468ae7ef27d654df"
  integrity sha1-w7M6te42DYbg5ijwRorn7yfWVN8=

ansi-regex@^3.0.0:
  version "3.0.0"
  resolved "https://registry.npmjs.org/ansi-regex/-/ansi-regex-3.0.0.tgz#ed0317c322064f79466c02966bddb605ab37d998"
  integrity sha1-7QMXwyIGT3lGbAKWa922Bas32Zg=

ansi-styles@^3.1.0:
  version "3.2.0"
  resolved "https://registry.npmjs.org/ansi-styles/-/ansi-styles-3.2.0.tgz#c159b8d5be0f9e5a6f346dab94f16ce022161b88"
  integrity sha512-NnSOmMEYtVR2JVMIGTzynRkkaxtiq1xnFBcdQD/DnNCYPoEPsVJhM98BDyaoNOQIi7p4okdi3E27eN7GQbsUug==
  dependencies:
    color-convert "^1.9.0"

assertion-error@^1.0.1:
  version "1.0.2"
  resolved "https://registry.npmjs.org/assertion-error/-/assertion-error-1.0.2.tgz#13ca515d86206da0bac66e834dd397d87581094c"
  integrity sha1-E8pRXYYgbaC6xm6DTdOX2HWBCUw=

axios@^0.16.2:
  version "0.16.2"
  resolved "https://registry.npmjs.org/axios/-/axios-0.16.2.tgz#ba4f92f17167dfbab40983785454b9ac149c3c6d"
  integrity sha1-uk+S8XFn37q0CYN4VFS5rBScPG0=
  dependencies:
    follow-redirects "^1.2.3"
    is-buffer "^1.1.5"

balanced-match@^1.0.0:
  version "1.0.0"
  resolved "https://registry.npmjs.org/balanced-match/-/balanced-match-1.0.0.tgz#89b4d199ab2bee49de164ea02b89ce462d71b767"
  integrity sha1-ibTRmasr7kneFk6gK4nORi1xt2c=

brace-expansion@^1.1.7:
  version "1.1.8"
  resolved "https://registry.npmjs.org/brace-expansion/-/brace-expansion-1.1.8.tgz#c07b211c7c952ec1f8efd51a77ef0d1d3990a292"
  integrity sha1-wHshHHyVLsH479Uad+8NHTmQopI=
  dependencies:
    balanced-match "^1.0.0"
    concat-map "0.0.1"

browser-stdout@1.3.0:
  version "1.3.0"
  resolved "https://registry.npmjs.org/browser-stdout/-/browser-stdout-1.3.0.tgz#f351d32969d32fa5d7a5567154263d928ae3bd1f"
  integrity sha1-81HTKWnTL6XXpVZxVCY9korjvR8=

caller-id@^0.1.0:
  version "0.1.0"
  resolved "https://registry.npmjs.org/caller-id/-/caller-id-0.1.0.tgz#59bdac0893d12c3871408279231f97458364f07b"
  integrity sha1-Wb2sCJPRLDhxQIJ5Ix+XRYNk8Hs=
  dependencies:
    stack-trace "~0.0.7"

camelcase@^4.1.0:
  version "4.1.0"
  resolved "https://registry.npmjs.org/camelcase/-/camelcase-4.1.0.tgz#d545635be1e33c542649c69173e5de6acfae34dd"
  integrity sha1-1UVjW+HjPFQmScaRc+Xeas+uNN0=

chai@^4.1.2:
  version "4.1.2"
  resolved "https://registry.npmjs.org/chai/-/chai-4.1.2.tgz#0f64584ba642f0f2ace2806279f4f06ca23ad73c"
  integrity sha1-D2RYS6ZC8PKs4oBiefTwbKI61zw=
  dependencies:
    assertion-error "^1.0.1"
    check-error "^1.0.1"
    deep-eql "^3.0.0"
    get-func-name "^2.0.0"
    pathval "^1.0.0"
    type-detect "^4.0.0"

chalk@^2.0.0, chalk@^2.1.0:
  version "2.3.0"
  resolved "https://registry.npmjs.org/chalk/-/chalk-2.3.0.tgz#b5ea48efc9c1793dccc9b4767c93914d3f2d52ba"
  integrity sha512-Az5zJR2CBujap2rqXGaJKaPHyJ0IrUimvYNX+ncCy8PJP4ltOGTrHUIo097ZaL2zMeKYpiCdqDvS6zdrTFok3Q==
  dependencies:
    ansi-styles "^3.1.0"
    escape-string-regexp "^1.0.5"
    supports-color "^4.0.0"

check-error@^1.0.1:
  version "1.0.2"
  resolved "https://registry.npmjs.org/check-error/-/check-error-1.0.2.tgz#574d312edd88bb5dd8912e9286dd6c0aed4aac82"
  integrity sha1-V00xLt2Iu13YkS6Sht1sCu1KrII=

cli-color@0.3.2:
  version "0.3.2"
  resolved "https://registry.npmjs.org/cli-color/-/cli-color-0.3.2.tgz#75fa5f728c308cc4ac594b05e06cc5d80daccd86"
  integrity sha1-dfpfcowwjMSsWUsF4GzF2A2szYY=
  dependencies:
    d "~0.1.1"
    es5-ext "~0.10.2"
    memoizee "0.3.x"
    timers-ext "0.1.x"

cli-cursor@^2.1.0:
  version "2.1.0"
  resolved "https://registry.npmjs.org/cli-cursor/-/cli-cursor-2.1.0.tgz#b35dac376479facc3e94747d41d0d0f5238ffcb5"
  integrity sha1-s12sN2R5+sw+lHR9QdDQ9SOP/LU=
  dependencies:
    restore-cursor "^2.0.0"

cli-width@^2.0.0:
  version "2.2.0"
  resolved "https://registry.npmjs.org/cli-width/-/cli-width-2.2.0.tgz#ff19ede8a9a5e579324147b0c11f0fbcbabed639"
  integrity sha1-/xnt6Kml5XkyQUewwR8PvLq+1jk=

cliui@^3.2.0:
  version "3.2.0"
  resolved "https://registry.npmjs.org/cliui/-/cliui-3.2.0.tgz#120601537a916d29940f934da3b48d585a39213d"
  integrity sha1-EgYBU3qRbSmUD5NNo7SNWFo5IT0=
  dependencies:
    string-width "^1.0.1"
    strip-ansi "^3.0.1"
    wrap-ansi "^2.0.0"

clui@^0.3.6:
  version "0.3.6"
  resolved "https://registry.npmjs.org/clui/-/clui-0.3.6.tgz#8e1e5cea7332a6e54083f59da0ccbe1d6f2fa787"
  integrity sha512-Z4UbgZILlIAjkEkZiDOa2aoYjohKx7fa6DxIh6cE9A6WNWZ61iXfQc6CmdC9SKdS5nO0P0UyQ+WfoXfB65e3HQ==
  dependencies:
    cli-color "0.3.2"

code-point-at@^1.0.0:
  version "1.1.0"
  resolved "https://registry.npmjs.org/code-point-at/-/code-point-at-1.1.0.tgz#0d070b4d043a5bea33a2f1a40e2edb3d9a4ccf77"
  integrity sha1-DQcLTQQ6W+ozovGkDi7bPZpMz3c=

color-convert@^1.9.0:
  version "1.9.0"
  resolved "https://registry.npmjs.org/color-convert/-/color-convert-1.9.0.tgz#1accf97dd739b983bf994d56fec8f95853641b7a"
  integrity sha1-Gsz5fdc5uYO/mU1W/sj5WFNkG3o=
  dependencies:
    color-name "^1.1.1"

color-name@^1.1.1:
  version "1.1.3"
  resolved "https://registry.npmjs.org/color-name/-/color-name-1.1.3.tgz#a7d0558bd89c42f795dd42328f740831ca53bc25"
  integrity sha1-p9BVi9icQveV3UIyj3QIMcpTvCU=

commander@2.11.0:
  version "2.11.0"
  resolved "https://registry.npmjs.org/commander/-/commander-2.11.0.tgz#157152fd1e7a6c8d98a5b715cf376df928004563"
  integrity sha512-b0553uYA5YAEGgyYIGYROzKQ7X5RAqedkfjiZxwi0kL1g3bOaBNNZfYkzt/CL0umgD5wc9Jec2FbB98CjkMRvQ==

concat-map@0.0.1:
  version "0.0.1"
  resolved "https://registry.npmjs.org/concat-map/-/concat-map-0.0.1.tgz#d8a96bd77fd68df7793a73036a3ba0d5405d477b"
  integrity sha1-2Klr13/Wjfd5OnMDajug1UBdR3s=

config@^2.0.1:
  version "2.0.1"
  resolved "https://registry.npmjs.org/config/-/config-2.0.1.tgz#995ccc8175460578d646ac0a2e4018ffa44ca046"
  integrity sha512-aTaviJnC8ZjQYx8kQf4u6tWqIxWolyQQ3LqXgnCLAsIb78JrUshHG0YuzIarzTaVVe1Pazms3TXImfYra8UsyQ==
  dependencies:
    json5 "^1.0.1"

cross-fetch@2.2.2:
  version "2.2.2"
  resolved "https://registry.npmjs.org/cross-fetch/-/cross-fetch-2.2.2.tgz#a47ff4f7fc712daba8f6a695a11c948440d45723"
  integrity sha1-pH/09/xxLauo9qaVoRyUhEDUVyM=
  dependencies:
    node-fetch "2.1.2"
    whatwg-fetch "2.0.4"

cross-spawn@^5.0.1:
  version "5.1.0"
  resolved "https://registry.npmjs.org/cross-spawn/-/cross-spawn-5.1.0.tgz#e8bd0efee58fcff6f8f94510a0a554bbfa235449"
  integrity sha1-6L0O/uWPz/b4+UUQoKVUu/ojVEk=
  dependencies:
    lru-cache "^4.0.1"
    shebang-command "^1.2.0"
    which "^1.2.9"

d@1:
  version "1.0.0"
  resolved "https://registry.npmjs.org/d/-/d-1.0.0.tgz#754bb5bfe55451da69a58b94d45f4c5b0462d58f"
  integrity sha1-dUu1v+VUUdpppYuU1F9MWwRi1Y8=
  dependencies:
    es5-ext "^0.10.9"

d@~0.1.1:
  version "0.1.1"
  resolved "https://registry.npmjs.org/d/-/d-0.1.1.tgz#da184c535d18d8ee7ba2aa229b914009fae11309"
  integrity sha1-2hhMU10Y2O57oqoim5FACfrhEwk=
  dependencies:
    es5-ext "~0.10.2"

debug@3.1.0:
  version "3.1.0"
  resolved "https://registry.npmjs.org/debug/-/debug-3.1.0.tgz#5bb5a0672628b64149566ba16819e61518c67261"
  integrity sha512-OX8XqP7/1a9cqkxYw2yXss15f26NKWBpDXQd0/uK/KPqdQhxbPa994hnzjcE2VqQpDslf55723cKPUOGSmMY3g==
  dependencies:
    ms "2.0.0"

debug@^2.6.9:
  version "2.6.9"
  resolved "https://registry.npmjs.org/debug/-/debug-2.6.9.tgz#5d128515df134ff327e90a4c93f4e077a536341f"
  integrity sha512-bC7ElrdJaJnPbAP+1EotYvqZsb3ecl5wi6Bfi6BJTUcNowp6cvspg0jXznRTKDjm/E7AdgFBVeAPVMNcKGsHMA==
  dependencies:
    ms "2.0.0"

decamelize@^1.1.1:
  version "1.2.0"
  resolved "https://registry.npmjs.org/decamelize/-/decamelize-1.2.0.tgz#f6534d15148269b20352e7bee26f501f9a191290"
  integrity sha1-9lNNFRSCabIDUue+4m9QH5oZEpA=

deep-eql@^3.0.0:
  version "3.0.1"
  resolved "https://registry.npmjs.org/deep-eql/-/deep-eql-3.0.1.tgz#dfc9404400ad1c8fe023e7da1df1c147c4b444df"
  integrity sha512-+QeIQyN5ZuO+3Uk5DYh6/1eKO0m0YmJFGNmFHGACpf1ClL1nmlV/p4gNgbl2pJGxgXb4faqo6UE+M5ACEMyVcw==
  dependencies:
    type-detect "^4.0.0"

diff@3.3.1:
  version "3.3.1"
  resolved "https://registry.npmjs.org/diff/-/diff-3.3.1.tgz#aa8567a6eed03c531fc89d3f711cd0e5259dec75"
  integrity sha512-MKPHZDMB0o6yHyDryUOScqZibp914ksXwAMYMTHj6KO8UeKsRYNJD3oNCKjTqZon+V488P7N/HzXF8t7ZR95ww==

dom-walk@^0.1.0:
  version "0.1.1"
  resolved "https://registry.npmjs.org/dom-walk/-/dom-walk-0.1.1.tgz#672226dc74c8f799ad35307df936aba11acd6018"
  integrity sha1-ZyIm3HTI95mtNTB9+TaroRrNYBg=

es5-ext@^0.10.35, es5-ext@^0.10.9, es5-ext@~0.10.11, es5-ext@~0.10.14, es5-ext@~0.10.2, es5-ext@~0.10.5, es5-ext@~0.10.6:
  version "0.10.35"
  resolved "https://registry.npmjs.org/es5-ext/-/es5-ext-0.10.35.tgz#18ee858ce6a3c45c7d79e91c15fcca9ec568494f"
  integrity sha1-GO6FjOajxFx9eekcFfzKnsVoSU8=
  dependencies:
    es6-iterator "~2.0.1"
    es6-symbol "~3.1.1"

es6-iterator@~0.1.3:
  version "0.1.3"
  resolved "https://registry.npmjs.org/es6-iterator/-/es6-iterator-0.1.3.tgz#d6f58b8c4fc413c249b4baa19768f8e4d7c8944e"
  integrity sha1-1vWLjE/EE8JJtLqhl2j45NfIlE4=
  dependencies:
    d "~0.1.1"
    es5-ext "~0.10.5"
    es6-symbol "~2.0.1"

es6-iterator@~2.0.1:
  version "2.0.3"
  resolved "https://registry.npmjs.org/es6-iterator/-/es6-iterator-2.0.3.tgz#a7de889141a05a94b0854403b2d0a0fbfa98f3b7"
  integrity sha1-p96IkUGgWpSwhUQDstCg+/qY87c=
  dependencies:
    d "1"
    es5-ext "^0.10.35"
    es6-symbol "^3.1.1"

es6-symbol@^3.1.1, es6-symbol@~3.1.1:
  version "3.1.1"
  resolved "https://registry.npmjs.org/es6-symbol/-/es6-symbol-3.1.1.tgz#bf00ef4fdab6ba1b46ecb7b629b4c7ed5715cc77"
  integrity sha1-vwDvT9q2uhtG7Le2KbTH7VcVzHc=
  dependencies:
    d "1"
    es5-ext "~0.10.14"

es6-symbol@~2.0.1:
  version "2.0.1"
  resolved "https://registry.npmjs.org/es6-symbol/-/es6-symbol-2.0.1.tgz#761b5c67cfd4f1d18afb234f691d678682cb3bf3"
  integrity sha1-dhtcZ8/U8dGK+yNPaR1nhoLLO/M=
  dependencies:
    d "~0.1.1"
    es5-ext "~0.10.5"

es6-weak-map@~0.1.4:
  version "0.1.4"
  resolved "https://registry.npmjs.org/es6-weak-map/-/es6-weak-map-0.1.4.tgz#706cef9e99aa236ba7766c239c8b9e286ea7d228"
  integrity sha1-cGzvnpmqI2undmwjnIueKG6n0ig=
  dependencies:
    d "~0.1.1"
    es5-ext "~0.10.6"
    es6-iterator "~0.1.3"
    es6-symbol "~2.0.1"

escape-string-regexp@1.0.5, escape-string-regexp@^1.0.5:
  version "1.0.5"
  resolved "https://registry.npmjs.org/escape-string-regexp/-/escape-string-regexp-1.0.5.tgz#1b61c0562190a8dff6ae3bb2cf0200ca130b86d4"
  integrity sha1-G2HAViGQqN/2rjuyzwIAyhMLhtQ=

event-emitter@~0.3.4:
  version "0.3.5"
  resolved "https://registry.npmjs.org/event-emitter/-/event-emitter-0.3.5.tgz#df8c69eef1647923c7157b9ce83840610b02cc39"
  integrity sha1-34xp7vFkeSPHFXuc6DhAYQsCzDk=
  dependencies:
    d "1"
    es5-ext "~0.10.14"

execa@^0.7.0:
  version "0.7.0"
  resolved "https://registry.npmjs.org/execa/-/execa-0.7.0.tgz#944becd34cc41ee32a63a9faf27ad5a65fc59777"
  integrity sha1-lEvs00zEHuMqY6n68nrVpl/Fl3c=
  dependencies:
    cross-spawn "^5.0.1"
    get-stream "^3.0.0"
    is-stream "^1.1.0"
    npm-run-path "^2.0.0"
    p-finally "^1.0.0"
    signal-exit "^3.0.0"
    strip-eof "^1.0.0"

external-editor@^2.0.4:
  version "2.0.5"
  resolved "https://registry.npmjs.org/external-editor/-/external-editor-2.0.5.tgz#52c249a3981b9ba187c7cacf5beb50bf1d91a6bc"
  integrity sha512-Msjo64WT5W+NhOpQXh0nOHm+n0RfU1QUwDnKYvJ8dEJ8zlwLrqXNTv5mSUTJpepf41PDJGyhueTw2vNZW+Fr/w==
  dependencies:
    iconv-lite "^0.4.17"
    jschardet "^1.4.2"
    tmp "^0.0.33"

figlet@^1.2.0:
  version "1.2.0"
  resolved "https://registry.npmjs.org/figlet/-/figlet-1.2.0.tgz#6c46537378fab649146b5a6143dda019b430b410"
  integrity sha1-bEZTc3j6tkkUa1phQ92gGbQwtBA=

figures@^2.0.0:
  version "2.0.0"
  resolved "https://registry.npmjs.org/figures/-/figures-2.0.0.tgz#3ab1a2d2a62c8bfb431a0c94cb797a2fce27c962"
  integrity sha1-OrGi0qYsi/tDGgyUy3l6L84nyWI=
  dependencies:
    escape-string-regexp "^1.0.5"

find-up@^2.1.0:
  version "2.1.0"
  resolved "https://registry.npmjs.org/find-up/-/find-up-2.1.0.tgz#45d1b7e506c717ddd482775a2b77920a3c0c57a7"
  integrity sha1-RdG35QbHF93UgndaK3eSCjwMV6c=
  dependencies:
    locate-path "^2.0.0"

follow-redirects@^1.2.3:
  version "1.2.5"
  resolved "https://registry.npmjs.org/follow-redirects/-/follow-redirects-1.2.5.tgz#ffd3e14cbdd5eaa72f61b6368c1f68516c2a26cc"
  integrity sha512-lMhwQTryFbG+wYsAIEKC1Kf5IGDlVNnONRogIBllh7LLoV7pNIxW0z9fhjRar9NBql+hd2Y49KboVVNxf6GEfg==
  dependencies:
    debug "^2.6.9"

fs.realpath@^1.0.0:
  version "1.0.0"
  resolved "https://registry.npmjs.org/fs.realpath/-/fs.realpath-1.0.0.tgz#1504ad2523158caa40db4a2787cb01411994ea4f"
  integrity sha1-FQStJSMVjKpA20onh8sBQRmU6k8=

get-caller-file@^1.0.1:
  version "1.0.2"
  resolved "https://registry.npmjs.org/get-caller-file/-/get-caller-file-1.0.2.tgz#f702e63127e7e231c160a80c1554acb70d5047e5"
  integrity sha1-9wLmMSfn4jHBYKgMFVSstw1QR+U=

get-func-name@^2.0.0:
  version "2.0.0"
  resolved "https://registry.npmjs.org/get-func-name/-/get-func-name-2.0.0.tgz#ead774abee72e20409433a066366023dd6887a41"
  integrity sha1-6td0q+5y4gQJQzoGY2YCPdaIekE=

get-open-prs@^1.3.7:
  version "1.3.7"
  resolved "https://registry.npmjs.org/get-open-prs/-/get-open-prs-1.3.7.tgz#cc059c3c373f1629f8e37fa11f4b1bfac358c58a"
  integrity sha512-QriiMlwFcmAoPQsfKGIHYN4LSMZ+2kLQ0p43wC2X9hKRwLT5ust0ihhiG2ibMWM4Ekc6BhXzQSLBDkMff0vAFA==
  dependencies:
    axios "^0.16.2"
    chalk "^2.1.0"
    clui "^0.3.6"
    config "^2.0.1"
    figlet "^1.2.0"
    graphql "^14.0.2"
    graphql-request "^1.8.2"
    graphql-tag "^2.10.0"
    inquirer "^3.3.0"
    moment "^2.18.1"
    opn "^5.1.0"
    yargs "^10.0.3"

get-stream@^3.0.0:
  version "3.0.0"
  resolved "https://registry.npmjs.org/get-stream/-/get-stream-3.0.0.tgz#8e943d1358dc37555054ecbe2edb05aa174ede14"
  integrity sha1-jpQ9E1jcN1VQVOy+LtsFqhdO3hQ=

glob@7.1.2:
  version "7.1.2"
  resolved "https://registry.npmjs.org/glob/-/glob-7.1.2.tgz#c19c9df9a028702d678612384a6552404c636d15"
  integrity sha512-MJTUg1kjuLeQCJ+ccE4Vpa6kKVXkPYJ2mOCQyUuKLcLQsdrMCpBPUi8qVE6+YuaJkozeA9NusTAw3hLr8Xe5EQ==
  dependencies:
    fs.realpath "^1.0.0"
    inflight "^1.0.4"
    inherits "2"
    minimatch "^3.0.4"
    once "^1.3.0"
    path-is-absolute "^1.0.0"

global@^4.3.2:
  version "4.3.2"
  resolved "https://registry.npmjs.org/global/-/global-4.3.2.tgz#e76989268a6c74c38908b1305b10fc0e394e9d0f"
  integrity sha1-52mJJopsdMOJCLEwWxD8DjlOnQ8=
  dependencies:
    min-document "^2.19.0"
    process "~0.5.1"

graphql-request@^1.8.2:
  version "1.8.2"
  resolved "https://registry.npmjs.org/graphql-request/-/graphql-request-1.8.2.tgz#398d10ae15c585676741bde3fc01d5ca948f8fbe"
  integrity sha512-dDX2M+VMsxXFCmUX0Vo0TopIZIX4ggzOtiCsThgtrKR4niiaagsGTDIHj3fsOMFETpa064vzovI+4YV4QnMbcg==
  dependencies:
    cross-fetch "2.2.2"

graphql-tag@^2.10.0:
  version "2.10.0"
  resolved "https://registry.npmjs.org/graphql-tag/-/graphql-tag-2.10.0.tgz#87da024be863e357551b2b8700e496ee2d4353ae"
  integrity sha512-9FD6cw976TLLf9WYIUPCaaTpniawIjHWZSwIRZSjrfufJamcXbVVYfN2TWvJYbw0Xf2JjYbl1/f2+wDnBVw3/w==

graphql@^14.0.2:
  version "14.0.2"
  resolved "https://registry.npmjs.org/graphql/-/graphql-14.0.2.tgz#7dded337a4c3fd2d075692323384034b357f5650"
  integrity sha512-gUC4YYsaiSJT1h40krG3J+USGlwhzNTXSb4IOZljn9ag5Tj+RkoXrWp+Kh7WyE3t1NCfab5kzCuxBIvOMERMXw==
  dependencies:
    iterall "^1.2.2"

growl@1.10.3:
  version "1.10.3"
  resolved "https://registry.npmjs.org/growl/-/growl-1.10.3.tgz#1926ba90cf3edfe2adb4927f5880bc22c66c790f"
  integrity sha512-hKlsbA5Vu3xsh1Cg3J7jSmX/WaW6A5oBeqzM88oNbCRQFz+zUaXm6yxS4RVytp1scBoJzSYl4YAEOQIt6O8V1Q==

has-flag@^2.0.0:
  version "2.0.0"
  resolved "https://registry.npmjs.org/has-flag/-/has-flag-2.0.0.tgz#e8207af1cc7b30d446cc70b734b5e8be18f88d51"
  integrity sha1-6CB68cx7MNRGzHC3NLXovhj4jVE=

he@1.1.1:
  version "1.1.1"
  resolved "https://registry.npmjs.org/he/-/he-1.1.1.tgz#93410fd21b009735151f8868c2f271f3427e23fd"
  integrity sha1-k0EP0hsAlzUVH4howvJx80J+I/0=

iconv-lite@^0.4.17:
  version "0.4.19"
  resolved "https://registry.npmjs.org/iconv-lite/-/iconv-lite-0.4.19.tgz#f7468f60135f5e5dad3399c0a81be9a1603a082b"
  integrity sha512-oTZqweIP51xaGPI4uPa56/Pri/480R+mo7SeU+YETByQNhDG55ycFyNLIgta9vXhILrxXDmF7ZGhqZIcuN0gJQ==

inflight@^1.0.4:
  version "1.0.6"
  resolved "https://registry.npmjs.org/inflight/-/inflight-1.0.6.tgz#49bd6331d7d02d0c09bc910a1075ba8165b56df9"
  integrity sha1-Sb1jMdfQLQwJvJEKEHW6gWW1bfk=
  dependencies:
    once "^1.3.0"
    wrappy "1"

inherits@2:
  version "2.0.3"
  resolved "https://registry.npmjs.org/inherits/-/inherits-2.0.3.tgz#633c2c83e3da42a502f52466022480f4208261de"
  integrity sha1-Yzwsg+PaQqUC9SRmAiSA9CCCYd4=

inquirer@^3.3.0:
  version "3.3.0"
  resolved "https://registry.npmjs.org/inquirer/-/inquirer-3.3.0.tgz#9dd2f2ad765dcab1ff0443b491442a20ba227dc9"
  integrity sha512-h+xtnyk4EwKvFWHrUYsWErEVR+igKtLdchu+o0Z1RL7VU/jVMFbYir2bp6bAj8efFNxWqHX0dIss6fJQ+/+qeQ==
  dependencies:
    ansi-escapes "^3.0.0"
    chalk "^2.0.0"
    cli-cursor "^2.1.0"
    cli-width "^2.0.0"
    external-editor "^2.0.4"
    figures "^2.0.0"
    lodash "^4.3.0"
    mute-stream "0.0.7"
    run-async "^2.2.0"
    rx-lite "^4.0.8"
    rx-lite-aggregates "^4.0.8"
    string-width "^2.1.0"
    strip-ansi "^4.0.0"
    through "^2.3.6"

invert-kv@^1.0.0:
  version "1.0.0"
  resolved "https://registry.npmjs.org/invert-kv/-/invert-kv-1.0.0.tgz#104a8e4aaca6d3d8cd157a8ef8bfab2d7a3ffdb6"
  integrity sha1-EEqOSqym09jNFXqO+L+rLXo//bY=

is-buffer@^1.1.5:
  version "1.1.6"
  resolved "https://registry.npmjs.org/is-buffer/-/is-buffer-1.1.6.tgz#efaa2ea9daa0d7ab2ea13a97b2b8ad51fefbe8be"
  integrity sha512-NcdALwpXkTm5Zvvbk7owOUSvVvBKDgKP5/ewfXEznmQFfs4ZRmanOeKBTjRVjka3QFoN6XJ+9F3USqfHqTaU5w==

is-fullwidth-code-point@^1.0.0:
  version "1.0.0"
  resolved "https://registry.npmjs.org/is-fullwidth-code-point/-/is-fullwidth-code-point-1.0.0.tgz#ef9e31386f031a7f0d643af82fde50c457ef00cb"
  integrity sha1-754xOG8DGn8NZDr4L95QxFfvAMs=
  dependencies:
    number-is-nan "^1.0.0"

is-fullwidth-code-point@^2.0.0:
  version "2.0.0"
  resolved "https://registry.npmjs.org/is-fullwidth-code-point/-/is-fullwidth-code-point-2.0.0.tgz#a3b30a5c4f199183167aaab93beefae3ddfb654f"
  integrity sha1-o7MKXE8ZkYMWeqq5O+764937ZU8=

is-promise@^2.1.0:
  version "2.1.0"
  resolved "https://registry.npmjs.org/is-promise/-/is-promise-2.1.0.tgz#79a2a9ece7f096e80f36d2b2f3bc16c1ff4bf3fa"
  integrity sha1-eaKp7OfwlugPNtKy87wWwf9L8/o=

is-stream@^1.1.0:
  version "1.1.0"
  resolved "https://registry.npmjs.org/is-stream/-/is-stream-1.1.0.tgz#12d4a3dd4e68e0b79ceb8dbc84173ae80d91ca44"
  integrity sha1-EtSj3U5o4Lec6428hBc66A2RykQ=

is-wsl@^1.1.0:
  version "1.1.0"
  resolved "https://registry.npmjs.org/is-wsl/-/is-wsl-1.1.0.tgz#1f16e4aa22b04d1336b66188a66af3c600c3a66d"
  integrity sha1-HxbkqiKwTRM2tmGIpmrzxgDDpm0=

isexe@^2.0.0:
  version "2.0.0"
  resolved "https://registry.npmjs.org/isexe/-/isexe-2.0.0.tgz#e8fbf374dc556ff8947a10dcb0572d633f2cfa10"
  integrity sha1-6PvzdNxVb/iUehDcsFctYz8s+hA=

iterall@^1.2.2:
  version "1.2.2"
  resolved "https://registry.npmjs.org/iterall/-/iterall-1.2.2.tgz#92d70deb8028e0c39ff3164fdbf4d8b088130cd7"
  integrity sha512-yynBb1g+RFUPY64fTrFv7nsjRrENBQJaX2UL+2Szc9REFrSNm1rpSXHGzhmAy7a9uv3vlvgBlXnf9RqmPH1/DA==

jschardet@^1.4.2:
  version "1.6.0"
  resolved "https://registry.npmjs.org/jschardet/-/jschardet-1.6.0.tgz#c7d1a71edcff2839db2f9ec30fc5d5ebd3c1a678"
  integrity sha512-xYuhvQ7I9PDJIGBWev9xm0+SMSed3ZDBAmvVjbFR1ZRLAF+vlXcQu6cRI9uAlj81rzikElRVteehwV7DuX2ZmQ==

json5@^1.0.1:
  version "1.0.1"
  resolved "http://registry.npmjs.org/json5/-/json5-1.0.1.tgz#779fb0018604fa854eacbf6252180d83543e3dbe"
  integrity sha512-aKS4WQjPenRxiQsC93MNfjx+nbF4PAdYzmd/1JIj8HYzqfbu86beTuNgXDzPknWk0n0uARlyewZo4s++ES36Ow==
  dependencies:
    minimist "^1.2.0"

lcid@^1.0.0:
  version "1.0.0"
  resolved "https://registry.npmjs.org/lcid/-/lcid-1.0.0.tgz#308accafa0bc483a3867b4b6f2b9506251d1b835"
  integrity sha1-MIrMr6C8SDo4Z7S28rlQYlHRuDU=
  dependencies:
    invert-kv "^1.0.0"

locate-path@^2.0.0:
  version "2.0.0"
  resolved "https://registry.npmjs.org/locate-path/-/locate-path-2.0.0.tgz#2b568b265eec944c6d9c0de9c3dbbbca0354cd8e"
  integrity sha1-K1aLJl7slExtnA3pw9u7ygNUzY4=
  dependencies:
    p-locate "^2.0.0"
    path-exists "^3.0.0"

lodash@^4.3.0:
  version "4.17.4"
  resolved "https://registry.npmjs.org/lodash/-/lodash-4.17.4.tgz#78203a4d1c328ae1d86dca6460e369b57f4055ae"
  integrity sha1-eCA6TRwyiuHYbcpkYONptX9AVa4=

lru-cache@^4.0.1:
  version "4.1.1"
  resolved "https://registry.npmjs.org/lru-cache/-/lru-cache-4.1.1.tgz#622e32e82488b49279114a4f9ecf45e7cd6bba55"
  integrity sha512-q4spe4KTfsAS1SUHLO0wz8Qiyf1+vMIAgpRYioFYDMNqKfHQbg+AVDH3i4fvpl71/P1L0dBl+fQi+P37UYf0ew==
  dependencies:
    pseudomap "^1.0.2"
    yallist "^2.1.2"

lru-queue@0.1:
  version "0.1.0"
  resolved "https://registry.npmjs.org/lru-queue/-/lru-queue-0.1.0.tgz#2738bd9f0d3cf4f84490c5736c48699ac632cda3"
  integrity sha1-Jzi9nw089PhEkMVzbEhpmsYyzaM=
  dependencies:
    es5-ext "~0.10.2"

mem@^1.1.0:
  version "1.1.0"
  resolved "https://registry.npmjs.org/mem/-/mem-1.1.0.tgz#5edd52b485ca1d900fe64895505399a0dfa45f76"
  integrity sha1-Xt1StIXKHZAP5kiVUFOZoN+kX3Y=
  dependencies:
    mimic-fn "^1.0.0"

memoizee@0.3.x:
  version "0.3.10"
  resolved "https://registry.npmjs.org/memoizee/-/memoizee-0.3.10.tgz#4eca0d8aed39ec9d017f4c5c2f2f6432f42e5c8f"
  integrity sha1-TsoNiu057J0Bf0xcLy9kMvQuXI8=
  dependencies:
    d "~0.1.1"
    es5-ext "~0.10.11"
    es6-weak-map "~0.1.4"
    event-emitter "~0.3.4"
    lru-queue "0.1"
    next-tick "~0.2.2"
    timers-ext "0.1"

mimic-fn@^1.0.0:
  version "1.1.0"
  resolved "https://registry.npmjs.org/mimic-fn/-/mimic-fn-1.1.0.tgz#e667783d92e89dbd342818b5230b9d62a672ad18"
  integrity sha1-5md4PZLonb00KBi1IwudYqZyrRg=

min-document@^2.19.0:
  version "2.19.0"
  resolved "https://registry.npmjs.org/min-document/-/min-document-2.19.0.tgz#7bd282e3f5842ed295bb748cdd9f1ffa2c824685"
  integrity sha1-e9KC4/WELtKVu3SM3Z8f+iyCRoU=
  dependencies:
    dom-walk "^0.1.0"

minimatch@^3.0.4:
  version "3.0.4"
  resolved "https://registry.npmjs.org/minimatch/-/minimatch-3.0.4.tgz#5166e286457f03306064be5497e8dbb0c3d32083"
  integrity sha512-yJHVQEhyqPLUTgt9B83PXu6W3rx4MvvHvSUvToogpwoGDOUQ+yDrR0HRot+yOCdCO7u4hX3pWft6kWBBcqh0UA==
  dependencies:
    brace-expansion "^1.1.7"

minimist@0.0.8:
  version "0.0.8"
  resolved "https://registry.npmjs.org/minimist/-/minimist-0.0.8.tgz#857fcabfc3397d2625b8228262e86aa7a011b05d"
  integrity sha1-hX/Kv8M5fSYluCKCYuhqp6ARsF0=

minimist@^1.2.0:
  version "1.2.0"
  resolved "https://registry.npmjs.org/minimist/-/minimist-1.2.0.tgz#a35008b20f41383eec1fb914f4cd5df79a264284"
  integrity sha1-o1AIsg9BOD7sH7kU9M1d95omQoQ=

mkdirp@0.5.1:
  version "0.5.1"
  resolved "https://registry.npmjs.org/mkdirp/-/mkdirp-0.5.1.tgz#30057438eac6cf7f8c4767f38648d6697d75c903"
  integrity sha1-MAV0OOrGz3+MR2fzhkjWaX11yQM=
  dependencies:
    minimist "0.0.8"

mocha@^4.0.1:
  version "4.0.1"
  resolved "https://registry.npmjs.org/mocha/-/mocha-4.0.1.tgz#0aee5a95cf69a4618820f5e51fa31717117daf1b"
  integrity sha512-evDmhkoA+cBNiQQQdSKZa2b9+W2mpLoj50367lhy+Klnx9OV8XlCIhigUnn1gaTFLQCa0kdNhEGDr0hCXOQFDw==
  dependencies:
    browser-stdout "1.3.0"
    commander "2.11.0"
    debug "3.1.0"
    diff "3.3.1"
    escape-string-regexp "1.0.5"
    glob "7.1.2"
    growl "1.10.3"
    he "1.1.1"
    mkdirp "0.5.1"
    supports-color "4.4.0"

mock-require@^2.0.2:
  version "2.0.2"
  resolved "https://registry.npmjs.org/mock-require/-/mock-require-2.0.2.tgz#1eaa71aad23013773d127dc7e91a3fbb4837d60d"
  integrity sha1-HqpxqtIwE3c9En3H6Ro/u0g31g0=
  dependencies:
    caller-id "^0.1.0"

moment@^2.18.1:
  version "2.19.1"
  resolved "https://registry.npmjs.org/moment/-/moment-2.19.1.tgz#56da1a2d1cbf01d38b7e1afc31c10bcfa1929167"
  integrity sha1-VtoaLRy/AdOLfhr8McELz6GSkWc=

ms@2.0.0:
  version "2.0.0"
  resolved "https://registry.npmjs.org/ms/-/ms-2.0.0.tgz#5608aeadfc00be6c2901df5f9861788de0d597c8"
  integrity sha1-VgiurfwAvmwpAd9fmGF4jeDVl8g=

mute-stream@0.0.7:
  version "0.0.7"
  resolved "https://registry.npmjs.org/mute-stream/-/mute-stream-0.0.7.tgz#3075ce93bc21b8fab43e1bc4da7e8115ed1e7bab"
  integrity sha1-MHXOk7whuPq0PhvE2n6BFe0ee6s=

next-tick@1:
  version "1.0.0"
  resolved "https://registry.npmjs.org/next-tick/-/next-tick-1.0.0.tgz#ca86d1fe8828169b0120208e3dc8424b9db8342c"
  integrity sha1-yobR/ogoFpsBICCOPchCS524NCw=

next-tick@~0.2.2:
  version "0.2.2"
  resolved "https://registry.npmjs.org/next-tick/-/next-tick-0.2.2.tgz#75da4a927ee5887e39065880065b7336413b310d"
  integrity sha1-ddpKkn7liH45BliABltzNkE7MQ0=

node-fetch@2.1.2:
  version "2.1.2"
  resolved "http://registry.npmjs.org/node-fetch/-/node-fetch-2.1.2.tgz#ab884e8e7e57e38a944753cec706f788d1768bb5"
  integrity sha1-q4hOjn5X44qUR1POxwb3iNF2i7U=

npm-run-path@^2.0.0:
  version "2.0.2"
  resolved "https://registry.npmjs.org/npm-run-path/-/npm-run-path-2.0.2.tgz#35a9232dfa35d7067b4cb2ddf2357b1871536c5f"
  integrity sha1-NakjLfo11wZ7TLLd8jV7GHFTbF8=
  dependencies:
    path-key "^2.0.0"

number-is-nan@^1.0.0:
  version "1.0.1"
  resolved "https://registry.npmjs.org/number-is-nan/-/number-is-nan-1.0.1.tgz#097b602b53422a522c1afb8790318336941a011d"
  integrity sha1-CXtgK1NCKlIsGvuHkDGDNpQaAR0=

once@^1.3.0:
  version "1.4.0"
  resolved "https://registry.npmjs.org/once/-/once-1.4.0.tgz#583b1aa775961d4b113ac17d9c50baef9dd76bd1"
  integrity sha1-WDsap3WWHUsROsF9nFC6753Xa9E=
  dependencies:
    wrappy "1"

onetime@^2.0.0:
  version "2.0.1"
  resolved "https://registry.npmjs.org/onetime/-/onetime-2.0.1.tgz#067428230fd67443b2794b22bba528b6867962d4"
  integrity sha1-BnQoIw/WdEOyeUsiu6UotoZ5YtQ=
  dependencies:
    mimic-fn "^1.0.0"

opn@^5.1.0:
  version "5.1.0"
  resolved "https://registry.npmjs.org/opn/-/opn-5.1.0.tgz#72ce2306a17dbea58ff1041853352b4a8fc77519"
  integrity sha512-iPNl7SyM8L30Rm1sjGdLLheyHVw5YXVfi3SKWJzBI7efxRwHojfRFjwE/OLM6qp9xJYMgab8WicTU1cPoY+Hpg==
  dependencies:
    is-wsl "^1.1.0"

os-locale@^2.0.0:
  version "2.1.0"
  resolved "https://registry.npmjs.org/os-locale/-/os-locale-2.1.0.tgz#42bc2900a6b5b8bd17376c8e882b65afccf24bf2"
  integrity sha512-3sslG3zJbEYcaC4YVAvDorjGxc7tv6KVATnLPZONiljsUncvihe9BQoVCEs0RZ1kmf4Hk9OBqlZfJZWI4GanKA==
  dependencies:
    execa "^0.7.0"
    lcid "^1.0.0"
    mem "^1.1.0"

os-tmpdir@~1.0.2:
  version "1.0.2"
  resolved "https://registry.npmjs.org/os-tmpdir/-/os-tmpdir-1.0.2.tgz#bbe67406c79aa85c5cfec766fe5734555dfa1274"
  integrity sha1-u+Z0BseaqFxc/sdm/lc0VV36EnQ=

p-finally@^1.0.0:
  version "1.0.0"
  resolved "https://registry.npmjs.org/p-finally/-/p-finally-1.0.0.tgz#3fbcfb15b899a44123b34b6dcc18b724336a2cae"
  integrity sha1-P7z7FbiZpEEjs0ttzBi3JDNqLK4=

p-limit@^1.1.0:
  version "1.1.0"
  resolved "https://registry.npmjs.org/p-limit/-/p-limit-1.1.0.tgz#b07ff2d9a5d88bec806035895a2bab66a27988bc"
  integrity sha1-sH/y2aXYi+yAYDWJWiurZqJ5iLw=

p-locate@^2.0.0:
  version "2.0.0"
  resolved "https://registry.npmjs.org/p-locate/-/p-locate-2.0.0.tgz#20a0103b222a70c8fd39cc2e580680f3dde5ec43"
  integrity sha1-IKAQOyIqcMj9OcwuWAaA893l7EM=
  dependencies:
    p-limit "^1.1.0"

path-exists@^3.0.0:
  version "3.0.0"
  resolved "https://registry.npmjs.org/path-exists/-/path-exists-3.0.0.tgz#ce0ebeaa5f78cb18925ea7d810d7b59b010fd515"
  integrity sha1-zg6+ql94yxiSXqfYENe1mwEP1RU=

path-is-absolute@^1.0.0:
  version "1.0.1"
  resolved "https://registry.npmjs.org/path-is-absolute/-/path-is-absolute-1.0.1.tgz#174b9268735534ffbc7ace6bf53a5a9e1b5c5f5f"
  integrity sha1-F0uSaHNVNP+8es5r9TpanhtcX18=

path-key@^2.0.0:
  version "2.0.1"
  resolved "https://registry.npmjs.org/path-key/-/path-key-2.0.1.tgz#411cadb574c5a140d3a4b1910d40d80cc9f40b40"
  integrity sha1-QRyttXTFoUDTpLGRDUDYDMn0C0A=

pathval@^1.0.0:
  version "1.1.0"
  resolved "https://registry.npmjs.org/pathval/-/pathval-1.1.0.tgz#b942e6d4bde653005ef6b71361def8727d0645e0"
  integrity sha1-uULm1L3mUwBe9rcTYd74cn0GReA=

process@~0.5.1:
  version "0.5.2"
  resolved "https://registry.npmjs.org/process/-/process-0.5.2.tgz#1638d8a8e34c2f440a91db95ab9aeb677fc185cf"
  integrity sha1-FjjYqONML0QKkduVq5rrZ3/Bhc8=

pseudomap@^1.0.2:
  version "1.0.2"
  resolved "https://registry.npmjs.org/pseudomap/-/pseudomap-1.0.2.tgz#f052a28da70e618917ef0a8ac34c1ae5a68286b3"
  integrity sha1-8FKijacOYYkX7wqKw0wa5aaChrM=

require-directory@^2.1.1:
  version "2.1.1"
  resolved "https://registry.npmjs.org/require-directory/-/require-directory-2.1.1.tgz#8c64ad5fd30dab1c976e2344ffe7f792a6a6df42"
  integrity sha1-jGStX9MNqxyXbiNE/+f3kqam30I=

require-main-filename@^1.0.1:
  version "1.0.1"
  resolved "https://registry.npmjs.org/require-main-filename/-/require-main-filename-1.0.1.tgz#97f717b69d48784f5f526a6c5aa8ffdda055a4d1"
  integrity sha1-l/cXtp1IeE9fUmpsWqj/3aBVpNE=

restore-cursor@^2.0.0:
  version "2.0.0"
  resolved "https://registry.npmjs.org/restore-cursor/-/restore-cursor-2.0.0.tgz#9f7ee287f82fd326d4fd162923d62129eee0dfaf"
  integrity sha1-n37ih/gv0ybU/RYpI9YhKe7g368=
  dependencies:
    onetime "^2.0.0"
    signal-exit "^3.0.2"

run-async@^2.2.0:
  version "2.3.0"
  resolved "https://registry.npmjs.org/run-async/-/run-async-2.3.0.tgz#0371ab4ae0bdd720d4166d7dfda64ff7a445a6c0"
  integrity sha1-A3GrSuC91yDUFm19/aZP96RFpsA=
  dependencies:
    is-promise "^2.1.0"

rx-lite-aggregates@^4.0.8:
  version "4.0.8"
  resolved "https://registry.npmjs.org/rx-lite-aggregates/-/rx-lite-aggregates-4.0.8.tgz#753b87a89a11c95467c4ac1626c4efc4e05c67be"
  integrity sha1-dTuHqJoRyVRnxKwWJsTvxOBcZ74=
  dependencies:
    rx-lite "*"

rx-lite@*, rx-lite@^4.0.8:
  version "4.0.8"
  resolved "https://registry.npmjs.org/rx-lite/-/rx-lite-4.0.8.tgz#0b1e11af8bc44836f04a6407e92da42467b79444"
  integrity sha1-Cx4Rr4vESDbwSmQH6S2kJGe3lEQ=

set-blocking@^2.0.0:
  version "2.0.0"
  resolved "https://registry.npmjs.org/set-blocking/-/set-blocking-2.0.0.tgz#045f9782d011ae9a6803ddd382b24392b3d890f7"
  integrity sha1-BF+XgtARrppoA93TgrJDkrPYkPc=

shebang-command@^1.2.0:
  version "1.2.0"
  resolved "https://registry.npmjs.org/shebang-command/-/shebang-command-1.2.0.tgz#44aac65b695b03398968c39f363fee5deafdf1ea"
  integrity sha1-RKrGW2lbAzmJaMOfNj/uXer98eo=
  dependencies:
    shebang-regex "^1.0.0"

shebang-regex@^1.0.0:
  version "1.0.0"
  resolved "https://registry.npmjs.org/shebang-regex/-/shebang-regex-1.0.0.tgz#da42f49740c0b42db2ca9728571cb190c98efea3"
  integrity sha1-2kL0l0DAtC2yypcoVxyxkMmO/qM=

signal-exit@^3.0.0, signal-exit@^3.0.2:
  version "3.0.2"
  resolved "https://registry.npmjs.org/signal-exit/-/signal-exit-3.0.2.tgz#b5fdc08f1287ea1178628e415e25132b73646c6d"
  integrity sha1-tf3AjxKH6hF4Yo5BXiUTK3NkbG0=

stack-trace@~0.0.7:
  version "0.0.10"
  resolved "https://registry.npmjs.org/stack-trace/-/stack-trace-0.0.10.tgz#547c70b347e8d32b4e108ea1a2a159e5fdde19c0"
  integrity sha1-VHxws0fo0ytOEI6hoqFZ5f3eGcA=

string-width@^1.0.1:
  version "1.0.2"
  resolved "https://registry.npmjs.org/string-width/-/string-width-1.0.2.tgz#118bdf5b8cdc51a2a7e70d211e07e2b0b9b107d3"
  integrity sha1-EYvfW4zcUaKn5w0hHgfisLmxB9M=
  dependencies:
    code-point-at "^1.0.0"
    is-fullwidth-code-point "^1.0.0"
    strip-ansi "^3.0.0"

string-width@^2.0.0, string-width@^2.1.0:
  version "2.1.1"
  resolved "https://registry.npmjs.org/string-width/-/string-width-2.1.1.tgz#ab93f27a8dc13d28cac815c462143a6d9012ae9e"
  integrity sha512-nOqH59deCq9SRHlxq1Aw85Jnt4w6KvLKqWVik6oA9ZklXLNIOlqg4F2yrT1MVaTjAqvVwdfeZ7w7aCvJD7ugkw==
  dependencies:
    is-fullwidth-code-point "^2.0.0"
    strip-ansi "^4.0.0"

strip-ansi@^3.0.0, strip-ansi@^3.0.1:
  version "3.0.1"
  resolved "https://registry.npmjs.org/strip-ansi/-/strip-ansi-3.0.1.tgz#6a385fb8853d952d5ff05d0e8aaf94278dc63dcf"
  integrity sha1-ajhfuIU9lS1f8F0Oiq+UJ43GPc8=
  dependencies:
    ansi-regex "^2.0.0"

strip-ansi@^4.0.0:
  version "4.0.0"
  resolved "https://registry.npmjs.org/strip-ansi/-/strip-ansi-4.0.0.tgz#a8479022eb1ac368a871389b635262c505ee368f"
  integrity sha1-qEeQIusaw2iocTibY1JixQXuNo8=
  dependencies:
    ansi-regex "^3.0.0"

strip-eof@^1.0.0:
  version "1.0.0"
  resolved "https://registry.npmjs.org/strip-eof/-/strip-eof-1.0.0.tgz#bb43ff5598a6eb05d89b59fcd129c983313606bf"
  integrity sha1-u0P/VZim6wXYm1n80SnJgzE2Br8=

supports-color@4.4.0:
  version "4.4.0"
  resolved "https://registry.npmjs.org/supports-color/-/supports-color-4.4.0.tgz#883f7ddabc165142b2a61427f3352ded195d1a3e"
  integrity sha512-rKC3+DyXWgK0ZLKwmRsrkyHVZAjNkfzeehuFWdGGcqGDTZFH73+RH6S/RDAAxl9GusSjZSUWYLmT9N5pzXFOXQ==
  dependencies:
    has-flag "^2.0.0"

supports-color@^4.0.0:
  version "4.5.0"
  resolved "https://registry.npmjs.org/supports-color/-/supports-color-4.5.0.tgz#be7a0de484dec5c5cddf8b3d59125044912f635b"
  integrity sha1-vnoN5ITexcXN34s9WRJQRJEvY1s=
  dependencies:
    has-flag "^2.0.0"

through@^2.3.6:
  version "2.3.8"
  resolved "https://registry.npmjs.org/through/-/through-2.3.8.tgz#0dd4c9ffaabc357960b1b724115d7e0e86a2e1f5"
  integrity sha1-DdTJ/6q8NXlgsbckEV1+Doai4fU=

timers-ext@0.1, timers-ext@0.1.x:
  version "0.1.2"
  resolved "https://registry.npmjs.org/timers-ext/-/timers-ext-0.1.2.tgz#61cc47a76c1abd3195f14527f978d58ae94c5204"
  integrity sha1-YcxHp2wavTGV8UUn+XjViulMUgQ=
  dependencies:
    es5-ext "~0.10.14"
    next-tick "1"

tmp@^0.0.33:
  version "0.0.33"
  resolved "https://registry.npmjs.org/tmp/-/tmp-0.0.33.tgz#6d34335889768d21b2bcda0aa277ced3b1bfadf9"
  integrity sha512-jRCJlojKnZ3addtTOjdIqoRuPEKBvNXcGYqzO6zWZX8KfKEpnGY5jfggJQ3EjKuu8D4bJRr0y+cYJFmYbImXGw==
  dependencies:
    os-tmpdir "~1.0.2"

type-detect@^4.0.0:
  version "4.0.3"
  resolved "https://registry.npmjs.org/type-detect/-/type-detect-4.0.3.tgz#0e3f2670b44099b0b46c284d136a7ef49c74c2ea"
  integrity sha1-Dj8mcLRAmbC0bChNE2p+9Jx0wuo=

whatwg-fetch@2.0.4:
  version "2.0.4"
  resolved "http://registry.npmjs.org/whatwg-fetch/-/whatwg-fetch-2.0.4.tgz#dde6a5df315f9d39991aa17621853d720b85566f"
  integrity sha512-dcQ1GWpOD/eEQ97k66aiEVpNnapVj90/+R+SXTPYGHpYBBypfKJEQjLrvMZ7YXbKm21gXd4NcuxUTjiv1YtLng==

which-module@^2.0.0:
  version "2.0.0"
  resolved "https://registry.npmjs.org/which-module/-/which-module-2.0.0.tgz#d9ef07dce77b9902b8a3a8fa4b31c3e3f7e6e87a"
  integrity sha1-2e8H3Od7mQK4o6j6SzHD4/fm6Ho=

which@^1.2.9:
  version "1.3.0"
  resolved "https://registry.npmjs.org/which/-/which-1.3.0.tgz#ff04bdfc010ee547d780bec38e1ac1c2777d253a"
  integrity sha512-xcJpopdamTuY5duC/KnTTNBraPK54YwpenP4lzxU8H91GudWpFv38u0CKjclE1Wi2EH2EDz5LRcHcKbCIzqGyg==
  dependencies:
    isexe "^2.0.0"

wrap-ansi@^2.0.0:
  version "2.1.0"
  resolved "https://registry.npmjs.org/wrap-ansi/-/wrap-ansi-2.1.0.tgz#d8fc3d284dd05794fe84973caecdd1cf824fdd85"
  integrity sha1-2Pw9KE3QV5T+hJc8rs3Rz4JP3YU=
  dependencies:
    string-width "^1.0.1"
    strip-ansi "^3.0.1"

wrappy@1:
  version "1.0.2"
  resolved "https://registry.npmjs.org/wrappy/-/wrappy-1.0.2.tgz#b5243d8f3ec1aa35f1364605bc0d1036e30ab69f"
  integrity sha1-tSQ9jz7BqjXxNkYFvA0QNuMKtp8=

y18n@^3.2.1:
  version "3.2.1"
  resolved "https://registry.npmjs.org/y18n/-/y18n-3.2.1.tgz#6d15fba884c08679c0d77e88e7759e811e07fa41"
  integrity sha1-bRX7qITAhnnA136I53WegR4H+kE=

yallist@^2.1.2:
  version "2.1.2"
  resolved "https://registry.npmjs.org/yallist/-/yallist-2.1.2.tgz#1c11f9218f076089a47dd512f93c6699a6a81d52"
  integrity sha1-HBH5IY8HYImkfdUS+TxmmaaoHVI=

yargs-parser@^8.0.0:
  version "8.0.0"
  resolved "https://registry.npmjs.org/yargs-parser/-/yargs-parser-8.0.0.tgz#21d476330e5a82279a4b881345bf066102e219c6"
  integrity sha1-IdR2Mw5agieaS4gTRb8GYQLiGcY=
  dependencies:
    camelcase "^4.1.0"

yargs@^10.0.3:
  version "10.0.3"
  resolved "https://registry.npmjs.org/yargs/-/yargs-10.0.3.tgz#6542debd9080ad517ec5048fb454efe9e4d4aaae"
  integrity sha512-DqBpQ8NAUX4GyPP/ijDGHsJya4tYqLQrjPr95HNsr1YwL3+daCfvBwg7+gIC6IdJhR2kATh3hb61vjzMWEtjdw==
  dependencies:
    cliui "^3.2.0"
    decamelize "^1.1.1"
    find-up "^2.1.0"
    get-caller-file "^1.0.1"
    os-locale "^2.0.0"
    require-directory "^2.1.1"
    require-main-filename "^1.0.1"
    set-blocking "^2.0.0"
    string-width "^2.0.0"
    which-module "^2.0.0"
    y18n "^3.2.1"
    yargs-parser "^8.0.0"
