# THIS IS AN AUTOGENERATED FILE. DO NOT EDIT THIS FILE DIRECTLY.
# yarn lockfile v1


agent-base@2:
  version "2.1.1"
  resolved "https://upsidetravel.jfrog.io/upsidetravel/api/npm/npm-virtual/agent-base/-/agent-base-2.1.1.tgz#d6de10d5af6132d5bd692427d46fc538539094c7"
  dependencies:
    extend "~3.0.0"
    semver "~5.0.1"

ansi-escapes@^3.0.0:
  version "3.0.0"
  resolved "https://upsidetravel.jfrog.io/upsidetravel/api/npm/npm-virtual/ansi-escapes/-/ansi-escapes-3.0.0.tgz#ec3e8b4e9f8064fc02c3ac9b65f1c275bda8ef92"

ansi-regex@^3.0.0:
  version "3.0.0"
  resolved "https://upsidetravel.jfrog.io/upsidetravel/api/npm/npm-virtual/ansi-regex/-/ansi-regex-3.0.0.tgz#ed0317c322064f79466c02966bddb605ab37d998"

ansi-styles@^3.1.0:
  version "3.2.0"
  resolved "https://upsidetravel.jfrog.io/upsidetravel/api/npm/npm-virtual/ansi-styles/-/ansi-styles-3.2.0.tgz#c159b8d5be0f9e5a6f346dab94f16ce022161b88"
  dependencies:
    color-convert "^1.9.0"

axios@^0.16.2:
  version "0.16.2"
  resolved "https://upsidetravel.jfrog.io/upsidetravel/api/npm/npm-virtual/axios/-/axios-0.16.2.tgz#ba4f92f17167dfbab40983785454b9ac149c3c6d"
  dependencies:
    follow-redirects "^1.2.3"
    is-buffer "^1.1.5"

chalk@^2.0.0, chalk@^2.1.0:
  version "2.1.0"
  resolved "https://upsidetravel.jfrog.io/upsidetravel/api/npm/npm-virtual/chalk/-/chalk-2.1.0.tgz#ac5becf14fa21b99c6c92ca7a7d7cfd5b17e743e"
  dependencies:
    ansi-styles "^3.1.0"
    escape-string-regexp "^1.0.5"
    supports-color "^4.0.0"

cli-color@0.3.2:
  version "0.3.2"
  resolved "https://upsidetravel.jfrog.io/upsidetravel/api/npm/npm-virtual/cli-color/-/cli-color-0.3.2.tgz#75fa5f728c308cc4ac594b05e06cc5d80daccd86"
  dependencies:
    d "~0.1.1"
    es5-ext "~0.10.2"
    memoizee "0.3.x"
    timers-ext "0.1.x"

cli-cursor@^2.1.0:
  version "2.1.0"
  resolved "https://upsidetravel.jfrog.io/upsidetravel/api/npm/npm-virtual/cli-cursor/-/cli-cursor-2.1.0.tgz#b35dac376479facc3e94747d41d0d0f5238ffcb5"
  dependencies:
    restore-cursor "^2.0.0"

cli-width@^2.0.0:
  version "2.2.0"
  resolved "https://upsidetravel.jfrog.io/upsidetravel/api/npm/npm-virtual/cli-width/-/cli-width-2.2.0.tgz#ff19ede8a9a5e579324147b0c11f0fbcbabed639"

clui@^0.3.6:
  version "0.3.6"
  resolved "https://upsidetravel.jfrog.io/upsidetravel/api/npm/npm-virtual/clui/-/clui-0.3.6.tgz#8e1e5cea7332a6e54083f59da0ccbe1d6f2fa787"
  dependencies:
    cli-color "0.3.2"

color-convert@^1.9.0:
  version "1.9.0"
  resolved "https://upsidetravel.jfrog.io/upsidetravel/api/npm/npm-virtual/color-convert/-/color-convert-1.9.0.tgz#1accf97dd739b983bf994d56fec8f95853641b7a"
  dependencies:
    color-name "^1.1.1"

color-name@^1.1.1:
  version "1.1.3"
  resolved "https://upsidetravel.jfrog.io/upsidetravel/api/npm/npm-virtual/color-name/-/color-name-1.1.3.tgz#a7d0558bd89c42f795dd42328f740831ca53bc25"

config@^1.26.2:
  version "1.26.2"
  resolved "https://upsidetravel.jfrog.io/upsidetravel/api/npm/npm-virtual/config/-/config-1.26.2.tgz#2466291168d8afae0aae8ab99ea4d4272f520cae"
  dependencies:
    json5 "0.4.0"
    os-homedir "1.0.2"

d@1:
  version "1.0.0"
  resolved "https://upsidetravel.jfrog.io/upsidetravel/api/npm/npm-virtual/d/-/d-1.0.0.tgz#754bb5bfe55451da69a58b94d45f4c5b0462d58f"
  dependencies:
    es5-ext "^0.10.9"

d@~0.1.1:
  version "0.1.1"
  resolved "https://upsidetravel.jfrog.io/upsidetravel/api/npm/npm-virtual/d/-/d-0.1.1.tgz#da184c535d18d8ee7ba2aa229b914009fae11309"
  dependencies:
    es5-ext "~0.10.2"

debug@2, debug@^2.2.0, debug@^2.4.5:
  version "2.6.8"
  resolved "https://upsidetravel.jfrog.io/upsidetravel/api/npm/npm-virtual/debug/-/debug-2.6.8.tgz#e731531ca2ede27d188222427da17821d68ff4fc"
  dependencies:
    ms "2.0.0"

es5-ext@^0.10.14, es5-ext@^0.10.9, es5-ext@~0.10.11, es5-ext@~0.10.14, es5-ext@~0.10.2, es5-ext@~0.10.5, es5-ext@~0.10.6:
  version "0.10.30"
  resolved "https://upsidetravel.jfrog.io/upsidetravel/api/npm/npm-virtual/es5-ext/-/es5-ext-0.10.30.tgz#7141a16836697dbabfaaaeee41495ce29f52c939"
  dependencies:
    es6-iterator "2"
    es6-symbol "~3.1"

es6-iterator@2:
  version "2.0.1"
  resolved "https://upsidetravel.jfrog.io/upsidetravel/api/npm/npm-virtual/es6-iterator/-/es6-iterator-2.0.1.tgz#8e319c9f0453bf575d374940a655920e59ca5512"
  dependencies:
    d "1"
    es5-ext "^0.10.14"
    es6-symbol "^3.1"

es6-iterator@~0.1.3:
  version "0.1.3"
  resolved "https://upsidetravel.jfrog.io/upsidetravel/api/npm/npm-virtual/es6-iterator/-/es6-iterator-0.1.3.tgz#d6f58b8c4fc413c249b4baa19768f8e4d7c8944e"
  dependencies:
    d "~0.1.1"
    es5-ext "~0.10.5"
    es6-symbol "~2.0.1"

es6-symbol@^3.1, es6-symbol@~3.1:
  version "3.1.1"
  resolved "https://upsidetravel.jfrog.io/upsidetravel/api/npm/npm-virtual/es6-symbol/-/es6-symbol-3.1.1.tgz#bf00ef4fdab6ba1b46ecb7b629b4c7ed5715cc77"
  dependencies:
    d "1"
    es5-ext "~0.10.14"

es6-symbol@~2.0.1:
  version "2.0.1"
  resolved "https://upsidetravel.jfrog.io/upsidetravel/api/npm/npm-virtual/es6-symbol/-/es6-symbol-2.0.1.tgz#761b5c67cfd4f1d18afb234f691d678682cb3bf3"
  dependencies:
    d "~0.1.1"
    es5-ext "~0.10.5"

es6-weak-map@~0.1.4:
  version "0.1.4"
  resolved "https://upsidetravel.jfrog.io/upsidetravel/api/npm/npm-virtual/es6-weak-map/-/es6-weak-map-0.1.4.tgz#706cef9e99aa236ba7766c239c8b9e286ea7d228"
  dependencies:
    d "~0.1.1"
    es5-ext "~0.10.6"
    es6-iterator "~0.1.3"
    es6-symbol "~2.0.1"

escape-string-regexp@^1.0.5:
  version "1.0.5"
  resolved "https://upsidetravel.jfrog.io/upsidetravel/api/npm/npm-virtual/escape-string-regexp/-/escape-string-regexp-1.0.5.tgz#1b61c0562190a8dff6ae3bb2cf0200ca130b86d4"

event-emitter@~0.3.4:
  version "0.3.5"
  resolved "https://upsidetravel.jfrog.io/upsidetravel/api/npm/npm-virtual/event-emitter/-/event-emitter-0.3.5.tgz#df8c69eef1647923c7157b9ce83840610b02cc39"
  dependencies:
    d "1"
    es5-ext "~0.10.14"

extend@3, extend@~3.0.0:
  version "3.0.1"
  resolved "https://upsidetravel.jfrog.io/upsidetravel/api/npm/npm-virtual/extend/-/extend-3.0.1.tgz#a755ea7bc1adfcc5a31ce7e762dbaadc5e636444"

external-editor@^2.0.4:
  version "2.0.4"
  resolved "https://upsidetravel.jfrog.io/upsidetravel/api/npm/npm-virtual/external-editor/-/external-editor-2.0.4.tgz#1ed9199da9cbfe2ef2f7a31b2fde8b0d12368972"
  dependencies:
    iconv-lite "^0.4.17"
    jschardet "^1.4.2"
    tmp "^0.0.31"

figlet@^1.2.0:
  version "1.2.0"
  resolved "https://upsidetravel.jfrog.io/upsidetravel/api/npm/npm-virtual/figlet/-/figlet-1.2.0.tgz#6c46537378fab649146b5a6143dda019b430b410"

figures@^2.0.0:
  version "2.0.0"
  resolved "https://upsidetravel.jfrog.io/upsidetravel/api/npm/npm-virtual/figures/-/figures-2.0.0.tgz#3ab1a2d2a62c8bfb431a0c94cb797a2fce27c962"
  dependencies:
    escape-string-regexp "^1.0.5"

follow-redirects@0.0.7:
  version "0.0.7"
  resolved "https://upsidetravel.jfrog.io/upsidetravel/api/npm/npm-virtual/follow-redirects/-/follow-redirects-0.0.7.tgz#34b90bab2a911aa347571da90f22bd36ecd8a919"
  dependencies:
    debug "^2.2.0"
    stream-consume "^0.1.0"

follow-redirects@^1.2.3:
  version "1.2.4"
  resolved "https://upsidetravel.jfrog.io/upsidetravel/api/npm/npm-virtual/follow-redirects/-/follow-redirects-1.2.4.tgz#355e8f4d16876b43f577b0d5ce2668b9723214ea"
  dependencies:
    debug "^2.4.5"

github@^11.0.0:
  version "11.0.0"
  resolved "https://upsidetravel.jfrog.io/upsidetravel/api/npm/npm-virtual/github/-/github-11.0.0.tgz#edb32df5efb33cad004ebf0bdd2a4b30bb63a854"
  dependencies:
    follow-redirects "0.0.7"
    https-proxy-agent "^1.0.0"
    mime "^1.2.11"
    netrc "^0.1.4"

has-flag@^2.0.0:
  version "2.0.0"
  resolved "https://upsidetravel.jfrog.io/upsidetravel/api/npm/npm-virtual/has-flag/-/has-flag-2.0.0.tgz#e8207af1cc7b30d446cc70b734b5e8be18f88d51"

https-proxy-agent@^1.0.0:
  version "1.0.0"
  resolved "https://upsidetravel.jfrog.io/upsidetravel/api/npm/npm-virtual/https-proxy-agent/-/https-proxy-agent-1.0.0.tgz#35f7da6c48ce4ddbfa264891ac593ee5ff8671e6"
  dependencies:
    agent-base "2"
    debug "2"
    extend "3"

iconv-lite@^0.4.17:
  version "0.4.18"
  resolved "https://upsidetravel.jfrog.io/upsidetravel/api/npm/npm-virtual/iconv-lite/-/iconv-lite-0.4.18.tgz#23d8656b16aae6742ac29732ea8f0336a4789cf2"

inquirer@^3.3.0:
  version "3.3.0"
  resolved "https://upsidetravel.jfrog.io/upsidetravel/api/npm/npm-virtual/inquirer/-/inquirer-3.3.0.tgz#9dd2f2ad765dcab1ff0443b491442a20ba227dc9"
  dependencies:
    ansi-escapes "^3.0.0"
    chalk "^2.0.0"
    cli-cursor "^2.1.0"
    cli-width "^2.0.0"
    external-editor "^2.0.4"
    figures "^2.0.0"
    lodash "^4.3.0"
    mute-stream "0.0.7"
    run-async "^2.2.0"
    rx-lite "^4.0.8"
    rx-lite-aggregates "^4.0.8"
    string-width "^2.1.0"
    strip-ansi "^4.0.0"
    through "^2.3.6"

is-buffer@^1.1.5:
  version "1.1.5"
  resolved "https://upsidetravel.jfrog.io/upsidetravel/api/npm/npm-virtual/is-buffer/-/is-buffer-1.1.5.tgz#1f3b26ef613b214b88cbca23cc6c01d87961eecc"

is-fullwidth-code-point@^2.0.0:
  version "2.0.0"
  resolved "https://upsidetravel.jfrog.io/upsidetravel/api/npm/npm-virtual/is-fullwidth-code-point/-/is-fullwidth-code-point-2.0.0.tgz#a3b30a5c4f199183167aaab93beefae3ddfb654f"

is-promise@^2.1.0:
  version "2.1.0"
  resolved "https://upsidetravel.jfrog.io/upsidetravel/api/npm/npm-virtual/is-promise/-/is-promise-2.1.0.tgz#79a2a9ece7f096e80f36d2b2f3bc16c1ff4bf3fa"

is-wsl@^1.1.0:
  version "1.1.0"
  resolved "https://upsidetravel.jfrog.io/upsidetravel/api/npm/npm-virtual/is-wsl/-/is-wsl-1.1.0.tgz#1f16e4aa22b04d1336b66188a66af3c600c3a66d"

jschardet@^1.4.2:
  version "1.5.1"
  resolved "https://upsidetravel.jfrog.io/upsidetravel/api/npm/npm-virtual/jschardet/-/jschardet-1.5.1.tgz#c519f629f86b3a5bedba58a88d311309eec097f9"

json5@0.4.0:
  version "0.4.0"
  resolved "https://upsidetravel.jfrog.io/upsidetravel/api/npm/npm-virtual/json5/-/json5-0.4.0.tgz#054352e4c4c80c86c0923877d449de176a732c8d"

lodash@^4.3.0:
  version "4.17.4"
  resolved "https://upsidetravel.jfrog.io/upsidetravel/api/npm/npm-virtual/lodash/-/lodash-4.17.4.tgz#78203a4d1c328ae1d86dca6460e369b57f4055ae"

lru-queue@0.1:
  version "0.1.0"
  resolved "https://upsidetravel.jfrog.io/upsidetravel/api/npm/npm-virtual/lru-queue/-/lru-queue-0.1.0.tgz#2738bd9f0d3cf4f84490c5736c48699ac632cda3"
  dependencies:
    es5-ext "~0.10.2"

memoizee@0.3.x:
  version "0.3.10"
  resolved "https://upsidetravel.jfrog.io/upsidetravel/api/npm/npm-virtual/memoizee/-/memoizee-0.3.10.tgz#4eca0d8aed39ec9d017f4c5c2f2f6432f42e5c8f"
  dependencies:
    d "~0.1.1"
    es5-ext "~0.10.11"
    es6-weak-map "~0.1.4"
    event-emitter "~0.3.4"
    lru-queue "0.1"
    next-tick "~0.2.2"
    timers-ext "0.1"

mime@^1.2.11:
  version "1.4.0"
  resolved "https://upsidetravel.jfrog.io/upsidetravel/api/npm/npm-virtual/mime/-/mime-1.4.0.tgz#69e9e0db51d44f2a3b56e48b7817d7d137f1a343"

mimic-fn@^1.0.0:
  version "1.1.0"
  resolved "https://upsidetravel.jfrog.io/upsidetravel/api/npm/npm-virtual/mimic-fn/-/mimic-fn-1.1.0.tgz#e667783d92e89dbd342818b5230b9d62a672ad18"

minimist@^1.2.0:
  version "1.2.0"
  resolved "https://upsidetravel.jfrog.io/upsidetravel/api/npm/npm-virtual/minimist/-/minimist-1.2.0.tgz#a35008b20f41383eec1fb914f4cd5df79a264284"

moment@^2.18.1:
  version "2.18.1"
  resolved "https://upsidetravel.jfrog.io/upsidetravel/api/npm/npm-virtual/moment/-/moment-2.18.1.tgz#c36193dd3ce1c2eed2adb7c802dbbc77a81b1c0f"

ms@2.0.0:
  version "2.0.0"
  resolved "https://upsidetravel.jfrog.io/upsidetravel/api/npm/npm-virtual/ms/-/ms-2.0.0.tgz#5608aeadfc00be6c2901df5f9861788de0d597c8"

mute-stream@0.0.7:
  version "0.0.7"
  resolved "https://upsidetravel.jfrog.io/upsidetravel/api/npm/npm-virtual/mute-stream/-/mute-stream-0.0.7.tgz#3075ce93bc21b8fab43e1bc4da7e8115ed1e7bab"

netrc@^0.1.4:
  version "0.1.4"
  resolved "https://upsidetravel.jfrog.io/upsidetravel/api/npm/npm-virtual/netrc/-/netrc-0.1.4.tgz#6be94fcaca8d77ade0a9670dc460914c94472444"

next-tick@1:
  version "1.0.0"
  resolved "https://upsidetravel.jfrog.io/upsidetravel/api/npm/npm-virtual/next-tick/-/next-tick-1.0.0.tgz#ca86d1fe8828169b0120208e3dc8424b9db8342c"

next-tick@~0.2.2:
  version "0.2.2"
  resolved "https://upsidetravel.jfrog.io/upsidetravel/api/npm/npm-virtual/next-tick/-/next-tick-0.2.2.tgz#75da4a927ee5887e39065880065b7336413b310d"

onetime@^2.0.0:
  version "2.0.1"
  resolved "https://upsidetravel.jfrog.io/upsidetravel/api/npm/npm-virtual/onetime/-/onetime-2.0.1.tgz#067428230fd67443b2794b22bba528b6867962d4"
  dependencies:
    mimic-fn "^1.0.0"

opn@^5.1.0:
  version "5.1.0"
  resolved "https://upsidetravel.jfrog.io/upsidetravel/api/npm/npm-virtual/opn/-/opn-5.1.0.tgz#72ce2306a17dbea58ff1041853352b4a8fc77519"
  dependencies:
    is-wsl "^1.1.0"

os-homedir@1.0.2:
  version "1.0.2"
  resolved "https://upsidetravel.jfrog.io/upsidetravel/api/npm/npm-virtual/os-homedir/-/os-homedir-1.0.2.tgz#ffbc4988336e0e833de0c168c7ef152121aa7fb3"

os-tmpdir@~1.0.1:
  version "1.0.2"
  resolved "https://upsidetravel.jfrog.io/upsidetravel/api/npm/npm-virtual/os-tmpdir/-/os-tmpdir-1.0.2.tgz#bbe67406c79aa85c5cfec766fe5734555dfa1274"

restore-cursor@^2.0.0:
  version "2.0.0"
  resolved "https://upsidetravel.jfrog.io/upsidetravel/api/npm/npm-virtual/restore-cursor/-/restore-cursor-2.0.0.tgz#9f7ee287f82fd326d4fd162923d62129eee0dfaf"
  dependencies:
    onetime "^2.0.0"
    signal-exit "^3.0.2"

run-async@^2.2.0:
  version "2.3.0"
  resolved "https://upsidetravel.jfrog.io/upsidetravel/api/npm/npm-virtual/run-async/-/run-async-2.3.0.tgz#0371ab4ae0bdd720d4166d7dfda64ff7a445a6c0"
  dependencies:
    is-promise "^2.1.0"

rx-lite-aggregates@^4.0.8:
  version "4.0.8"
  resolved "https://upsidetravel.jfrog.io/upsidetravel/api/npm/npm-virtual/rx-lite-aggregates/-/rx-lite-aggregates-4.0.8.tgz#753b87a89a11c95467c4ac1626c4efc4e05c67be"
  dependencies:
    rx-lite "*"

rx-lite@*, rx-lite@^4.0.8:
  version "4.0.8"
  resolved "https://upsidetravel.jfrog.io/upsidetravel/api/npm/npm-virtual/rx-lite/-/rx-lite-4.0.8.tgz#0b1e11af8bc44836f04a6407e92da42467b79444"

semver@~5.0.1:
  version "5.0.3"
  resolved "https://upsidetravel.jfrog.io/upsidetravel/api/npm/npm-virtual/semver/-/semver-5.0.3.tgz#77466de589cd5d3c95f138aa78bc569a3cb5d27a"

signal-exit@^3.0.2:
  version "3.0.2"
  resolved "https://upsidetravel.jfrog.io/upsidetravel/api/npm/npm-virtual/signal-exit/-/signal-exit-3.0.2.tgz#b5fdc08f1287ea1178628e415e25132b73646c6d"

stream-consume@^0.1.0:
  version "0.1.0"
  resolved "https://upsidetravel.jfrog.io/upsidetravel/api/npm/npm-virtual/stream-consume/-/stream-consume-0.1.0.tgz#a41ead1a6d6081ceb79f65b061901b6d8f3d1d0f"

string-width@^2.1.0:
  version "2.1.1"
  resolved "https://upsidetravel.jfrog.io/upsidetravel/api/npm/npm-virtual/string-width/-/string-width-2.1.1.tgz#ab93f27a8dc13d28cac815c462143a6d9012ae9e"
  dependencies:
    is-fullwidth-code-point "^2.0.0"
    strip-ansi "^4.0.0"

strip-ansi@^4.0.0:
  version "4.0.0"
  resolved "https://upsidetravel.jfrog.io/upsidetravel/api/npm/npm-virtual/strip-ansi/-/strip-ansi-4.0.0.tgz#a8479022eb1ac368a871389b635262c505ee368f"
  dependencies:
    ansi-regex "^3.0.0"

supports-color@^4.0.0:
  version "4.4.0"
  resolved "https://upsidetravel.jfrog.io/upsidetravel/api/npm/npm-virtual/supports-color/-/supports-color-4.4.0.tgz#883f7ddabc165142b2a61427f3352ded195d1a3e"
  dependencies:
    has-flag "^2.0.0"

through@^2.3.6:
  version "2.3.8"
  resolved "https://upsidetravel.jfrog.io/upsidetravel/api/npm/npm-virtual/through/-/through-2.3.8.tgz#0dd4c9ffaabc357960b1b724115d7e0e86a2e1f5"

timers-ext@0.1, timers-ext@0.1.x:
  version "0.1.2"
  resolved "https://upsidetravel.jfrog.io/upsidetravel/api/npm/npm-virtual/timers-ext/-/timers-ext-0.1.2.tgz#61cc47a76c1abd3195f14527f978d58ae94c5204"
  dependencies:
    es5-ext "~0.10.14"
    next-tick "1"

tmp@^0.0.31:
  version "0.0.31"
  resolved "https://upsidetravel.jfrog.io/upsidetravel/api/npm/npm-virtual/tmp/-/tmp-0.0.31.tgz#8f38ab9438e17315e5dbd8b3657e8bfb277ae4a7"
  dependencies:
    os-tmpdir "~1.0.1"
